
Microsoft Visual Studio Solution File, Format Version 12.00
# Visual Studio Version 16
VisualStudioVersion = 16.0.33529.622
MinimumVisualStudioVersion = 10.0.40219.1
Project("{2150E333-8FDC-42A3-9474-1A3956D46DE8}") = "Bussiness", "Bussiness", "{C57B3062-5F3D-4BD6-A648-E1B1CAEF4918}"
EndProject
Project("{FAE04EC0-301F-11D3-BF4B-00C04F79EFBC}") = "ExitTest.Bussiness", "ExitTest.Bussiness\ExitTest.Bussiness.csproj", "{28F12FD8-5CBE-4FBB-81D7-1EDB4F79E55C}"
EndProject
Project("{FAE04EC0-301F-11D3-BF4B-00C04F79EFBC}") = "ExitTest.Web", "ExitTest.Web\ExitTest.Web.csproj", "{C3E45FD2-4F8E-4F9E-9BF8-5F32B9B5DE8F}"
EndProject
Global
	GlobalSection(SolutionConfigurationPlatforms) = preSolution
		Debug|Any CPU = Debug|Any CPU
		Release|Any CPU = Release|Any CPU
	EndGlobalSection
	GlobalSection(ProjectConfigurationPlatforms) = postSolution
		{28F12FD8-5CBE-4FBB-81D7-1EDB4F79E55C}.Debug|Any CPU.ActiveCfg = Debug|Any CPU
		{28F12FD8-5CBE-4FBB-81D7-1EDB4F79E55C}.Debug|Any CPU.Build.0 = Debug|Any CPU
		{28F12FD8-5CBE-4FBB-81D7-1EDB4F79E55C}.Release|Any CPU.ActiveCfg = Release|Any CPU
		{28F12FD8-5CBE-4FBB-81D7-1EDB4F79E55C}.Release|Any CPU.Build.0 = Release|Any CPU
		{C3E45FD2-4F8E-4F9E-9BF8-5F32B9B5DE8F}.Debug|Any CPU.ActiveCfg = Debug|Any CPU
		{C3E45FD2-4F8E-4F9E-9BF8-5F32B9B5DE8F}.Debug|Any CPU.Build.0 = Debug|Any CPU
		{C3E45FD2-4F8E-4F9E-9BF8-5F32B9B5DE8F}.Release|Any CPU.ActiveCfg = Release|Any CPU
		{C3E45FD2-4F8E-4F9E-9BF8-5F32B9B5DE8F}.Release|Any CPU.Build.0 = Release|Any CPU
	EndGlobalSection
	GlobalSection(SolutionProperties) = preSolution
		HideSolutionNode = FALSE
	EndGlobalSection
	GlobalSection(NestedProjects) = preSolution
		{28F12FD8-5CBE-4FBB-81D7-1EDB4F79E55C} = {C57B3062-5F3D-4BD6-A648-E1B1CAEF4918}
	EndGlobalSection
	GlobalSection(ExtensibilityGlobals) = postSolution
		SolutionGuid = {B698D010-D715-4580-9F8A-2404457B2CC0}
	EndGlobalSection
EndGlobal
